
Microsoft Visual Studio Solution File, Format Version 12.00
# Visual Studio 15
VisualStudioVersion = 15.0.28307.271
MinimumVisualStudioVersion = 10.0.40219.1
Project("{FAE04EC0-301F-11D3-BF4B-00C04F79EFBC}") = "Angle", "Angle\Angle.csproj", "{52739562-7B22-4627-8BA9-907B22FF9B25}"
EndProject
Project("{FAE04EC0-301F-11D3-BF4B-00C04F79EFBC}") = "Angle.Console", "Angle.Console\Angle.Console.csproj", "{ED13E9D1-4184-43A8-A43B-884D3A62E119}"
EndProject
Project("{FAE04EC0-301F-11D3-BF4B-00C04F79EFBC}") = "Angle.Tests", "Angle.Tests\Angle.Tests.csproj", "{461202AA-6A25-4ACD-8FE2-CC2FBC79B85D}"
EndProject
Global
	GlobalSection(SolutionConfigurationPlatforms) = preSolution
		Debug|Any CPU = Debug|Any CPU
		Release|Any CPU = Release|Any CPU
	EndGlobalSection
	GlobalSection(ProjectConfigurationPlatforms) = postSolution
		{52739562-7B22-4627-8BA9-907B22FF9B25}.Debug|Any CPU.ActiveCfg = Debug|Any CPU
		{52739562-7B22-4627-8BA9-907B22FF9B25}.Debug|Any CPU.Build.0 = Debug|Any CPU
		{52739562-7B22-4627-8BA9-907B22FF9B25}.Release|Any CPU.ActiveCfg = Release|Any CPU
		{52739562-7B22-4627-8BA9-907B22FF9B25}.Release|Any CPU.Build.0 = Release|Any CPU
		{ED13E9D1-4184-43A8-A43B-884D3A62E119}.Debug|Any CPU.ActiveCfg = Debug|Any CPU
		{ED13E9D1-4184-43A8-A43B-884D3A62E119}.Debug|Any CPU.Build.0 = Debug|Any CPU
		{ED13E9D1-4184-43A8-A43B-884D3A62E119}.Release|Any CPU.ActiveCfg = Release|Any CPU
		{ED13E9D1-4184-43A8-A43B-884D3A62E119}.Release|Any CPU.Build.0 = Release|Any CPU
		{461202AA-6A25-4ACD-8FE2-CC2FBC79B85D}.Debug|Any CPU.ActiveCfg = Debug|Any CPU
		{461202AA-6A25-4ACD-8FE2-CC2FBC79B85D}.Debug|Any CPU.Build.0 = Debug|Any CPU
		{461202AA-6A25-4ACD-8FE2-CC2FBC79B85D}.Release|Any CPU.ActiveCfg = Release|Any CPU
		{461202AA-6A25-4ACD-8FE2-CC2FBC79B85D}.Release|Any CPU.Build.0 = Release|Any CPU
	EndGlobalSection
	GlobalSection(SolutionProperties) = preSolution
		HideSolutionNode = FALSE
	EndGlobalSection
	GlobalSection(ExtensibilityGlobals) = postSolution
		SolutionGuid = {49208282-1D21-4EB7-B682-7F0D249C29D4}
	EndGlobalSection
EndGlobal
